
Microsoft Visual Studio Solution File, Format Version 12.00
# Visual Studio Version 16
VisualStudioVersion = 16.0.31205.134
MinimumVisualStudioVersion = 10.0.40219.1
Project("{FAE04EC0-301F-11D3-BF4B-00C04F79EFBC}") = "DATOS", "DATOS\DATOS.csproj", "{7E9FEB70-E720-49CD-B749-71FF1A365CEE}"
EndProject
Project("{FAE04EC0-301F-11D3-BF4B-00C04F79EFBC}") = "NEGOCIO", "NEGOCIO\NEGOCIO.csproj", "{71B7402C-C5F6-4B38-9BEF-475BA12F1FBD}"
EndProject
Project("{FAE04EC0-301F-11D3-BF4B-00C04F79EFBC}") = "PRESENTACION", "PRESENTACION\PRESENTACION.csproj", "{C7B405D3-A04C-4ECD-B12C-7F5216583E41}"
EndProject
Global
	GlobalSection(SolutionConfigurationPlatforms) = preSolution
		Debug|Any CPU = Debug|Any CPU
		Release|Any CPU = Release|Any CPU
	EndGlobalSection
	GlobalSection(ProjectConfigurationPlatforms) = postSolution
		{7E9FEB70-E720-49CD-B749-71FF1A365CEE}.Debug|Any CPU.ActiveCfg = Debug|Any CPU
		{7E9FEB70-E720-49CD-B749-71FF1A365CEE}.Debug|Any CPU.Build.0 = Debug|Any CPU
		{7E9FEB70-E720-49CD-B749-71FF1A365CEE}.Release|Any CPU.ActiveCfg = Release|Any CPU
		{7E9FEB70-E720-49CD-B749-71FF1A365CEE}.Release|Any CPU.Build.0 = Release|Any CPU
		{71B7402C-C5F6-4B38-9BEF-475BA12F1FBD}.Debug|Any CPU.ActiveCfg = Debug|Any CPU
		{71B7402C-C5F6-4B38-9BEF-475BA12F1FBD}.Debug|Any CPU.Build.0 = Debug|Any CPU
		{71B7402C-C5F6-4B38-9BEF-475BA12F1FBD}.Release|Any CPU.ActiveCfg = Release|Any CPU
		{71B7402C-C5F6-4B38-9BEF-475BA12F1FBD}.Release|Any CPU.Build.0 = Release|Any CPU
		{C7B405D3-A04C-4ECD-B12C-7F5216583E41}.Debug|Any CPU.ActiveCfg = Debug|Any CPU
		{C7B405D3-A04C-4ECD-B12C-7F5216583E41}.Debug|Any CPU.Build.0 = Debug|Any CPU
		{C7B405D3-A04C-4ECD-B12C-7F5216583E41}.Release|Any CPU.ActiveCfg = Release|Any CPU
		{C7B405D3-A04C-4ECD-B12C-7F5216583E41}.Release|Any CPU.Build.0 = Release|Any CPU
	EndGlobalSection
	GlobalSection(SolutionProperties) = preSolution
		HideSolutionNode = FALSE
	EndGlobalSection
	GlobalSection(ExtensibilityGlobals) = postSolution
		SolutionGuid = {426737E3-2183-4A25-84F3-DDB95EA6A43C}
	EndGlobalSection
EndGlobal
